
Microsoft Visual Studio Solution File, Format Version 11.00
# Visual Studio 2010
Project("{FAE04EC0-301F-11D3-BF4B-00C04F79EFBC}") = "production", "Assembly-CSharp-firstpass.csproj", "{0C3D32A1-3A7D-04C7-961A-8E82C3FEB842}"
EndProject
Project("{FAE04EC0-301F-11D3-BF4B-00C04F79EFBC}") = "production", "Assembly-CSharp.csproj", "{DEFD4849-BA1A-A928-6317-9EF0BF915FE9}"
EndProject
Project("{FAE04EC0-301F-11D3-BF4B-00C04F79EFBC}") = "production", "Assembly-CSharp-Editor-firstpass.csproj", "{863A9045-B6ED-0CF0-0640-FE9DE92C2320}"
EndProject
Global
	GlobalSection(SolutionConfigurationPlatforms) = preSolution
		Debug|Any CPU = Debug|Any CPU
		Release|Any CPU = Release|Any CPU
	EndGlobalSection
	GlobalSection(ProjectConfigurationPlatforms) = postSolution
		{0C3D32A1-3A7D-04C7-961A-8E82C3FEB842}.Debug|Any CPU.ActiveCfg = Debug|Any CPU
		{0C3D32A1-3A7D-04C7-961A-8E82C3FEB842}.Debug|Any CPU.Build.0 = Debug|Any CPU
		{0C3D32A1-3A7D-04C7-961A-8E82C3FEB842}.Release|Any CPU.ActiveCfg = Release|Any CPU
		{0C3D32A1-3A7D-04C7-961A-8E82C3FEB842}.Release|Any CPU.Build.0 = Release|Any CPU
		{DEFD4849-BA1A-A928-6317-9EF0BF915FE9}.Debug|Any CPU.ActiveCfg = Debug|Any CPU
		{DEFD4849-BA1A-A928-6317-9EF0BF915FE9}.Debug|Any CPU.Build.0 = Debug|Any CPU
		{DEFD4849-BA1A-A928-6317-9EF0BF915FE9}.Release|Any CPU.ActiveCfg = Release|Any CPU
		{DEFD4849-BA1A-A928-6317-9EF0BF915FE9}.Release|Any CPU.Build.0 = Release|Any CPU
		{863A9045-B6ED-0CF0-0640-FE9DE92C2320}.Debug|Any CPU.ActiveCfg = Debug|Any CPU
		{863A9045-B6ED-0CF0-0640-FE9DE92C2320}.Debug|Any CPU.Build.0 = Debug|Any CPU
		{863A9045-B6ED-0CF0-0640-FE9DE92C2320}.Release|Any CPU.ActiveCfg = Release|Any CPU
		{863A9045-B6ED-0CF0-0640-FE9DE92C2320}.Release|Any CPU.Build.0 = Release|Any CPU
	EndGlobalSection
	GlobalSection(SolutionProperties) = preSolution
		HideSolutionNode = FALSE
	EndGlobalSection
	GlobalSection(MonoDevelopProperties) = preSolution
		StartupItem = Assembly-CSharp.csproj
	EndGlobalSection
EndGlobal
